
Microsoft Visual Studio Solution File, Format Version 12.00
Project("{FAE04EC0-301F-11D3-BF4B-00C04F79EFBC}") = "VeldridSandbox", "VeldridSandbox\VeldridSandbox.csproj", "{67A62E02-A8B9-48D6-AC42-2FB22E4EDFC8}"
EndProject
Project("{FAE04EC0-301F-11D3-BF4B-00C04F79EFBC}") = "macOSApplication", "macOSApplication\macOSApplication.csproj", "{6E0C039F-A90C-4564-B25B-3A24F8B90D4C}"
EndProject
Project("{FAE04EC0-301F-11D3-BF4B-00C04F79EFBC}") = "iOSApplication", "iOSApplication\iOSApplication.csproj", "{280ADB35-142F-4BB1-B119-DDDE5D825395}"
EndProject
Project("{FAE04EC0-301F-11D3-BF4B-00C04F79EFBC}") = "MacCatalystApplication", "MacCatalystApplication\MacCatalystApplication.csproj", "{91AB0637-8C81-4F5B-9A8B-AB21BA023421}"
EndProject
Project("{FAE04EC0-301F-11D3-BF4B-00C04F79EFBC}") = "NETApplication", "NETApplication\NETApplication.csproj", "{B00AA3C8-B6EA-4554-B600-92EA8CC95786}"
EndProject
Global
	GlobalSection(SolutionConfigurationPlatforms) = preSolution
		Debug|Any CPU = Debug|Any CPU
		Release|Any CPU = Release|Any CPU
	EndGlobalSection
	GlobalSection(ProjectConfigurationPlatforms) = postSolution
		{6E0C039F-A90C-4564-B25B-3A24F8B90D4C}.Debug|Any CPU.ActiveCfg = Debug|Any CPU
		{6E0C039F-A90C-4564-B25B-3A24F8B90D4C}.Debug|Any CPU.Build.0 = Debug|Any CPU
		{6E0C039F-A90C-4564-B25B-3A24F8B90D4C}.Release|Any CPU.ActiveCfg = Release|Any CPU
		{6E0C039F-A90C-4564-B25B-3A24F8B90D4C}.Release|Any CPU.Build.0 = Release|Any CPU
		{67A62E02-A8B9-48D6-AC42-2FB22E4EDFC8}.Debug|Any CPU.ActiveCfg = Debug|Any CPU
		{67A62E02-A8B9-48D6-AC42-2FB22E4EDFC8}.Debug|Any CPU.Build.0 = Debug|Any CPU
		{67A62E02-A8B9-48D6-AC42-2FB22E4EDFC8}.Release|Any CPU.ActiveCfg = Release|Any CPU
		{67A62E02-A8B9-48D6-AC42-2FB22E4EDFC8}.Release|Any CPU.Build.0 = Release|Any CPU
		{280ADB35-142F-4BB1-B119-DDDE5D825395}.Debug|Any CPU.ActiveCfg = Debug|Any CPU
		{280ADB35-142F-4BB1-B119-DDDE5D825395}.Debug|Any CPU.Build.0 = Debug|Any CPU
		{280ADB35-142F-4BB1-B119-DDDE5D825395}.Release|Any CPU.ActiveCfg = Release|Any CPU
		{280ADB35-142F-4BB1-B119-DDDE5D825395}.Release|Any CPU.Build.0 = Release|Any CPU
		{91AB0637-8C81-4F5B-9A8B-AB21BA023421}.Debug|Any CPU.ActiveCfg = Debug|Any CPU
		{91AB0637-8C81-4F5B-9A8B-AB21BA023421}.Debug|Any CPU.Build.0 = Debug|Any CPU
		{91AB0637-8C81-4F5B-9A8B-AB21BA023421}.Release|Any CPU.ActiveCfg = Release|Any CPU
		{91AB0637-8C81-4F5B-9A8B-AB21BA023421}.Release|Any CPU.Build.0 = Release|Any CPU
		{B00AA3C8-B6EA-4554-B600-92EA8CC95786}.Debug|Any CPU.ActiveCfg = Debug|Any CPU
		{B00AA3C8-B6EA-4554-B600-92EA8CC95786}.Debug|Any CPU.Build.0 = Debug|Any CPU
		{B00AA3C8-B6EA-4554-B600-92EA8CC95786}.Release|Any CPU.ActiveCfg = Release|Any CPU
		{B00AA3C8-B6EA-4554-B600-92EA8CC95786}.Release|Any CPU.Build.0 = Release|Any CPU
	EndGlobalSection
EndGlobal
